
Microsoft Visual Studio Solution File, Format Version 12.00
# Visual Studio 15
VisualStudioVersion = 15.0.27428.2011
MinimumVisualStudioVersion = 10.0.40219.1
Project("{FAE04EC0-301F-11D3-BF4B-00C04F79EFBC}") = "WordCounter", "WordCounter\WordCounter.csproj", "{87ED7B7A-FD3B-46EA-9259-4CD6CE2C9F33}"
EndProject
Project("{FAE04EC0-301F-11D3-BF4B-00C04F79EFBC}") = "GetSASURI", "..\GetSASURI\GetSASURI\GetSASURI.csproj", "{9B785E39-20D7-49D7-9669-DC7729C2216A}"
EndProject
Project("{FAE04EC0-301F-11D3-BF4B-00C04F79EFBC}") = "BatchScheduler", "BatchScheduler\BatchScheduler.csproj", "{6595320C-7918-4B0D-81A9-AE4E9935E0BC}"
EndProject
Global
	GlobalSection(SolutionConfigurationPlatforms) = preSolution
		Debug|Any CPU = Debug|Any CPU
		Release|Any CPU = Release|Any CPU
	EndGlobalSection
	GlobalSection(ProjectConfigurationPlatforms) = postSolution
		{87ED7B7A-FD3B-46EA-9259-4CD6CE2C9F33}.Debug|Any CPU.ActiveCfg = Debug|Any CPU
		{87ED7B7A-FD3B-46EA-9259-4CD6CE2C9F33}.Debug|Any CPU.Build.0 = Debug|Any CPU
		{87ED7B7A-FD3B-46EA-9259-4CD6CE2C9F33}.Release|Any CPU.ActiveCfg = Release|Any CPU
		{87ED7B7A-FD3B-46EA-9259-4CD6CE2C9F33}.Release|Any CPU.Build.0 = Release|Any CPU
		{9B785E39-20D7-49D7-9669-DC7729C2216A}.Debug|Any CPU.ActiveCfg = Debug|Any CPU
		{9B785E39-20D7-49D7-9669-DC7729C2216A}.Debug|Any CPU.Build.0 = Debug|Any CPU
		{9B785E39-20D7-49D7-9669-DC7729C2216A}.Release|Any CPU.ActiveCfg = Release|Any CPU
		{9B785E39-20D7-49D7-9669-DC7729C2216A}.Release|Any CPU.Build.0 = Release|Any CPU
		{6595320C-7918-4B0D-81A9-AE4E9935E0BC}.Debug|Any CPU.ActiveCfg = Debug|Any CPU
		{6595320C-7918-4B0D-81A9-AE4E9935E0BC}.Debug|Any CPU.Build.0 = Debug|Any CPU
		{6595320C-7918-4B0D-81A9-AE4E9935E0BC}.Release|Any CPU.ActiveCfg = Release|Any CPU
		{6595320C-7918-4B0D-81A9-AE4E9935E0BC}.Release|Any CPU.Build.0 = Release|Any CPU
	EndGlobalSection
	GlobalSection(SolutionProperties) = preSolution
		HideSolutionNode = FALSE
	EndGlobalSection
	GlobalSection(ExtensibilityGlobals) = postSolution
		SolutionGuid = {A763E22F-6BD9-47A2-A1B4-411157917CCA}
	EndGlobalSection
EndGlobal
